
Microsoft Visual Studio Solution File, Format Version 12.00
# Visual Studio 2013
VisualStudioVersion = 12.0.30723.0
MinimumVisualStudioVersion = 10.0.40219.1
Project("{FAE04EC0-301F-11D3-BF4B-00C04F79EFBC}") = "Lygl.UI.WPF", "Lygl.UI.WPF\Lygl.UI.WPF.csproj", "{A47E85D1-5616-47F0-9B60-5B4AC6E5A620}"
	ProjectSection(ProjectDependencies) = postProject
		{B217AB5D-789D-4618-AB37-528C668762F0} = {B217AB5D-789D-4618-AB37-528C668762F0}
	EndProjectSection
EndProject
Project("{FAE04EC0-301F-11D3-BF4B-00C04F79EFBC}") = "CodeReason.Reports.VS2010", "WpfReports\CodeReason.Reports\CodeReason.Reports.VS2010.csproj", "{87A8D936-AE11-40AA-8927-A414C2225991}"
EndProject
Project("{FAE04EC0-301F-11D3-BF4B-00C04F79EFBC}") = "Jp3DKit", "Jp3DKit\Jp3DKit.csproj", "{B217AB5D-789D-4618-AB37-528C668762F0}"
EndProject
Project("{FAE04EC0-301F-11D3-BF4B-00C04F79EFBC}") = "Lygl.DalLib", "Lygl.DalLib\Lygl.DalLib.csproj", "{54B2CBAA-A067-45C6-8D20-9EEB664E765C}"
EndProject
Project("{FAE04EC0-301F-11D3-BF4B-00C04F79EFBC}") = "WpfApplication2", "WpfApplication2\WpfApplication2.csproj", "{284D3ED3-C83E-49D8-8C32-B91DE7D3208A}"
EndProject
Global
	GlobalSection(SolutionConfigurationPlatforms) = preSolution
		Debug|Any CPU = Debug|Any CPU
		Debug|Mixed Platforms = Debug|Mixed Platforms
		Debug|Win32 = Debug|Win32
		Debug|x86 = Debug|x86
		Mono Debug|Any CPU = Mono Debug|Any CPU
		Mono Debug|Mixed Platforms = Mono Debug|Mixed Platforms
		Mono Debug|Win32 = Mono Debug|Win32
		Mono Debug|x86 = Mono Debug|x86
		Mono Release|Any CPU = Mono Release|Any CPU
		Mono Release|Mixed Platforms = Mono Release|Mixed Platforms
		Mono Release|Win32 = Mono Release|Win32
		Mono Release|x86 = Mono Release|x86
		Release|Any CPU = Release|Any CPU
		Release|Mixed Platforms = Release|Mixed Platforms
		Release|Win32 = Release|Win32
		Release|x86 = Release|x86
		Testing|Any CPU = Testing|Any CPU
		Testing|Mixed Platforms = Testing|Mixed Platforms
		Testing|Win32 = Testing|Win32
		Testing|x86 = Testing|x86
	EndGlobalSection
	GlobalSection(ProjectConfigurationPlatforms) = postSolution
		{A47E85D1-5616-47F0-9B60-5B4AC6E5A620}.Debug|Any CPU.ActiveCfg = Debug|x86
		{A47E85D1-5616-47F0-9B60-5B4AC6E5A620}.Debug|Any CPU.Build.0 = Debug|x86
		{A47E85D1-5616-47F0-9B60-5B4AC6E5A620}.Debug|Mixed Platforms.ActiveCfg = Debug|x86
		{A47E85D1-5616-47F0-9B60-5B4AC6E5A620}.Debug|Mixed Platforms.Build.0 = Debug|x86
		{A47E85D1-5616-47F0-9B60-5B4AC6E5A620}.Debug|Win32.ActiveCfg = Debug|x86
		{A47E85D1-5616-47F0-9B60-5B4AC6E5A620}.Debug|Win32.Build.0 = Debug|x86
		{A47E85D1-5616-47F0-9B60-5B4AC6E5A620}.Debug|x86.ActiveCfg = Debug|x86
		{A47E85D1-5616-47F0-9B60-5B4AC6E5A620}.Debug|x86.Build.0 = Debug|x86
		{A47E85D1-5616-47F0-9B60-5B4AC6E5A620}.Mono Debug|Any CPU.ActiveCfg = Debug|x86
		{A47E85D1-5616-47F0-9B60-5B4AC6E5A620}.Mono Debug|Mixed Platforms.ActiveCfg = Debug|x86
		{A47E85D1-5616-47F0-9B60-5B4AC6E5A620}.Mono Debug|Mixed Platforms.Build.0 = Debug|x86
		{A47E85D1-5616-47F0-9B60-5B4AC6E5A620}.Mono Debug|Win32.ActiveCfg = Debug|x86
		{A47E85D1-5616-47F0-9B60-5B4AC6E5A620}.Mono Debug|Win32.Build.0 = Debug|x86
		{A47E85D1-5616-47F0-9B60-5B4AC6E5A620}.Mono Debug|x86.ActiveCfg = Debug|x86
		{A47E85D1-5616-47F0-9B60-5B4AC6E5A620}.Mono Debug|x86.Build.0 = Debug|x86
		{A47E85D1-5616-47F0-9B60-5B4AC6E5A620}.Mono Release|Any CPU.ActiveCfg = Release|x86
		{A47E85D1-5616-47F0-9B60-5B4AC6E5A620}.Mono Release|Mixed Platforms.ActiveCfg = Release|x86
		{A47E85D1-5616-47F0-9B60-5B4AC6E5A620}.Mono Release|Mixed Platforms.Build.0 = Release|x86
		{A47E85D1-5616-47F0-9B60-5B4AC6E5A620}.Mono Release|Win32.ActiveCfg = Release|x86
		{A47E85D1-5616-47F0-9B60-5B4AC6E5A620}.Mono Release|Win32.Build.0 = Release|x86
		{A47E85D1-5616-47F0-9B60-5B4AC6E5A620}.Mono Release|x86.ActiveCfg = Release|x86
		{A47E85D1-5616-47F0-9B60-5B4AC6E5A620}.Mono Release|x86.Build.0 = Release|x86
		{A47E85D1-5616-47F0-9B60-5B4AC6E5A620}.Release|Any CPU.ActiveCfg = Release|x86
		{A47E85D1-5616-47F0-9B60-5B4AC6E5A620}.Release|Any CPU.Build.0 = Release|x86
		{A47E85D1-5616-47F0-9B60-5B4AC6E5A620}.Release|Mixed Platforms.ActiveCfg = Release|x86
		{A47E85D1-5616-47F0-9B60-5B4AC6E5A620}.Release|Mixed Platforms.Build.0 = Release|x86
		{A47E85D1-5616-47F0-9B60-5B4AC6E5A620}.Release|Win32.ActiveCfg = Release|x86
		{A47E85D1-5616-47F0-9B60-5B4AC6E5A620}.Release|Win32.Build.0 = Release|x86
		{A47E85D1-5616-47F0-9B60-5B4AC6E5A620}.Release|x86.ActiveCfg = Release|x86
		{A47E85D1-5616-47F0-9B60-5B4AC6E5A620}.Release|x86.Build.0 = Release|x86
		{A47E85D1-5616-47F0-9B60-5B4AC6E5A620}.Testing|Any CPU.ActiveCfg = Release|x86
		{A47E85D1-5616-47F0-9B60-5B4AC6E5A620}.Testing|Mixed Platforms.ActiveCfg = Release|x86
		{A47E85D1-5616-47F0-9B60-5B4AC6E5A620}.Testing|Mixed Platforms.Build.0 = Release|x86
		{A47E85D1-5616-47F0-9B60-5B4AC6E5A620}.Testing|Win32.ActiveCfg = Release|x86
		{A47E85D1-5616-47F0-9B60-5B4AC6E5A620}.Testing|Win32.Build.0 = Release|x86
		{A47E85D1-5616-47F0-9B60-5B4AC6E5A620}.Testing|x86.ActiveCfg = Release|x86
		{A47E85D1-5616-47F0-9B60-5B4AC6E5A620}.Testing|x86.Build.0 = Release|x86
		{87A8D936-AE11-40AA-8927-A414C2225991}.Debug|Any CPU.ActiveCfg = Debug|Any CPU
		{87A8D936-AE11-40AA-8927-A414C2225991}.Debug|Any CPU.Build.0 = Debug|Any CPU
		{87A8D936-AE11-40AA-8927-A414C2225991}.Debug|Mixed Platforms.ActiveCfg = Debug|Any CPU
		{87A8D936-AE11-40AA-8927-A414C2225991}.Debug|Mixed Platforms.Build.0 = Debug|Any CPU
		{87A8D936-AE11-40AA-8927-A414C2225991}.Debug|Win32.ActiveCfg = Debug|Any CPU
		{87A8D936-AE11-40AA-8927-A414C2225991}.Debug|x86.ActiveCfg = Debug|Any CPU
		{87A8D936-AE11-40AA-8927-A414C2225991}.Mono Debug|Any CPU.ActiveCfg = Debug|Any CPU
		{87A8D936-AE11-40AA-8927-A414C2225991}.Mono Debug|Any CPU.Build.0 = Debug|Any CPU
		{87A8D936-AE11-40AA-8927-A414C2225991}.Mono Debug|Mixed Platforms.ActiveCfg = Debug|Any CPU
		{87A8D936-AE11-40AA-8927-A414C2225991}.Mono Debug|Mixed Platforms.Build.0 = Debug|Any CPU
		{87A8D936-AE11-40AA-8927-A414C2225991}.Mono Debug|Win32.ActiveCfg = Debug|Any CPU
		{87A8D936-AE11-40AA-8927-A414C2225991}.Mono Debug|x86.ActiveCfg = Debug|Any CPU
		{87A8D936-AE11-40AA-8927-A414C2225991}.Mono Release|Any CPU.ActiveCfg = Release|Any CPU
		{87A8D936-AE11-40AA-8927-A414C2225991}.Mono Release|Any CPU.Build.0 = Release|Any CPU
		{87A8D936-AE11-40AA-8927-A414C2225991}.Mono Release|Mixed Platforms.ActiveCfg = Release|Any CPU
		{87A8D936-AE11-40AA-8927-A414C2225991}.Mono Release|Mixed Platforms.Build.0 = Release|Any CPU
		{87A8D936-AE11-40AA-8927-A414C2225991}.Mono Release|Win32.ActiveCfg = Release|Any CPU
		{87A8D936-AE11-40AA-8927-A414C2225991}.Mono Release|x86.ActiveCfg = Release|Any CPU
		{87A8D936-AE11-40AA-8927-A414C2225991}.Release|Any CPU.ActiveCfg = Release|Any CPU
		{87A8D936-AE11-40AA-8927-A414C2225991}.Release|Any CPU.Build.0 = Release|Any CPU
		{87A8D936-AE11-40AA-8927-A414C2225991}.Release|Mixed Platforms.ActiveCfg = Release|Any CPU
		{87A8D936-AE11-40AA-8927-A414C2225991}.Release|Mixed Platforms.Build.0 = Release|Any CPU
		{87A8D936-AE11-40AA-8927-A414C2225991}.Release|Win32.ActiveCfg = Release|Any CPU
		{87A8D936-AE11-40AA-8927-A414C2225991}.Release|x86.ActiveCfg = Release|Any CPU
		{87A8D936-AE11-40AA-8927-A414C2225991}.Testing|Any CPU.ActiveCfg = Release|Any CPU
		{87A8D936-AE11-40AA-8927-A414C2225991}.Testing|Any CPU.Build.0 = Release|Any CPU
		{87A8D936-AE11-40AA-8927-A414C2225991}.Testing|Mixed Platforms.ActiveCfg = Release|Any CPU
		{87A8D936-AE11-40AA-8927-A414C2225991}.Testing|Mixed Platforms.Build.0 = Release|Any CPU
		{87A8D936-AE11-40AA-8927-A414C2225991}.Testing|Win32.ActiveCfg = Release|Any CPU
		{87A8D936-AE11-40AA-8927-A414C2225991}.Testing|x86.ActiveCfg = Release|Any CPU
		{B217AB5D-789D-4618-AB37-528C668762F0}.Debug|Any CPU.ActiveCfg = Debug|Any CPU
		{B217AB5D-789D-4618-AB37-528C668762F0}.Debug|Any CPU.Build.0 = Debug|Any CPU
		{B217AB5D-789D-4618-AB37-528C668762F0}.Debug|Any CPU.Deploy.0 = Debug|Any CPU
		{B217AB5D-789D-4618-AB37-528C668762F0}.Debug|Mixed Platforms.ActiveCfg = Debug|Any CPU
		{B217AB5D-789D-4618-AB37-528C668762F0}.Debug|Mixed Platforms.Build.0 = Debug|Any CPU
		{B217AB5D-789D-4618-AB37-528C668762F0}.Debug|Win32.ActiveCfg = Debug|Any CPU
		{B217AB5D-789D-4618-AB37-528C668762F0}.Debug|x86.ActiveCfg = Debug|Any CPU
		{B217AB5D-789D-4618-AB37-528C668762F0}.Mono Debug|Any CPU.ActiveCfg = Debug|Any CPU
		{B217AB5D-789D-4618-AB37-528C668762F0}.Mono Debug|Any CPU.Build.0 = Debug|Any CPU
		{B217AB5D-789D-4618-AB37-528C668762F0}.Mono Debug|Mixed Platforms.ActiveCfg = Debug|Any CPU
		{B217AB5D-789D-4618-AB37-528C668762F0}.Mono Debug|Mixed Platforms.Build.0 = Debug|Any CPU
		{B217AB5D-789D-4618-AB37-528C668762F0}.Mono Debug|Win32.ActiveCfg = Debug|Any CPU
		{B217AB5D-789D-4618-AB37-528C668762F0}.Mono Debug|x86.ActiveCfg = Debug|Any CPU
		{B217AB5D-789D-4618-AB37-528C668762F0}.Mono Release|Any CPU.ActiveCfg = Release|Any CPU
		{B217AB5D-789D-4618-AB37-528C668762F0}.Mono Release|Any CPU.Build.0 = Release|Any CPU
		{B217AB5D-789D-4618-AB37-528C668762F0}.Mono Release|Mixed Platforms.ActiveCfg = Release|Any CPU
		{B217AB5D-789D-4618-AB37-528C668762F0}.Mono Release|Mixed Platforms.Build.0 = Release|Any CPU
		{B217AB5D-789D-4618-AB37-528C668762F0}.Mono Release|Win32.ActiveCfg = Release|Any CPU
		{B217AB5D-789D-4618-AB37-528C668762F0}.Mono Release|x86.ActiveCfg = Release|Any CPU
		{B217AB5D-789D-4618-AB37-528C668762F0}.Release|Any CPU.ActiveCfg = Release|Any CPU
		{B217AB5D-789D-4618-AB37-528C668762F0}.Release|Any CPU.Build.0 = Release|Any CPU
		{B217AB5D-789D-4618-AB37-528C668762F0}.Release|Mixed Platforms.ActiveCfg = Release|Any CPU
		{B217AB5D-789D-4618-AB37-528C668762F0}.Release|Mixed Platforms.Build.0 = Release|Any CPU
		{B217AB5D-789D-4618-AB37-528C668762F0}.Release|Win32.ActiveCfg = Release|Any CPU
		{B217AB5D-789D-4618-AB37-528C668762F0}.Release|x86.ActiveCfg = Release|Any CPU
		{B217AB5D-789D-4618-AB37-528C668762F0}.Testing|Any CPU.ActiveCfg = Release|Any CPU
		{B217AB5D-789D-4618-AB37-528C668762F0}.Testing|Any CPU.Build.0 = Release|Any CPU
		{B217AB5D-789D-4618-AB37-528C668762F0}.Testing|Mixed Platforms.ActiveCfg = Release|Any CPU
		{B217AB5D-789D-4618-AB37-528C668762F0}.Testing|Mixed Platforms.Build.0 = Release|Any CPU
		{B217AB5D-789D-4618-AB37-528C668762F0}.Testing|Win32.ActiveCfg = Release|Any CPU
		{B217AB5D-789D-4618-AB37-528C668762F0}.Testing|x86.ActiveCfg = Release|Any CPU
		{54B2CBAA-A067-45C6-8D20-9EEB664E765C}.Debug|Any CPU.ActiveCfg = Debug|Any CPU
		{54B2CBAA-A067-45C6-8D20-9EEB664E765C}.Debug|Any CPU.Build.0 = Debug|Any CPU
		{54B2CBAA-A067-45C6-8D20-9EEB664E765C}.Debug|Mixed Platforms.ActiveCfg = Debug|Any CPU
		{54B2CBAA-A067-45C6-8D20-9EEB664E765C}.Debug|Mixed Platforms.Build.0 = Debug|Any CPU
		{54B2CBAA-A067-45C6-8D20-9EEB664E765C}.Debug|Win32.ActiveCfg = Debug|Any CPU
		{54B2CBAA-A067-45C6-8D20-9EEB664E765C}.Debug|x86.ActiveCfg = Debug|Any CPU
		{54B2CBAA-A067-45C6-8D20-9EEB664E765C}.Mono Debug|Any CPU.ActiveCfg = Debug|Any CPU
		{54B2CBAA-A067-45C6-8D20-9EEB664E765C}.Mono Debug|Any CPU.Build.0 = Debug|Any CPU
		{54B2CBAA-A067-45C6-8D20-9EEB664E765C}.Mono Debug|Mixed Platforms.ActiveCfg = Debug|Any CPU
		{54B2CBAA-A067-45C6-8D20-9EEB664E765C}.Mono Debug|Mixed Platforms.Build.0 = Debug|Any CPU
		{54B2CBAA-A067-45C6-8D20-9EEB664E765C}.Mono Debug|Win32.ActiveCfg = Debug|Any CPU
		{54B2CBAA-A067-45C6-8D20-9EEB664E765C}.Mono Debug|x86.ActiveCfg = Debug|Any CPU
		{54B2CBAA-A067-45C6-8D20-9EEB664E765C}.Mono Release|Any CPU.ActiveCfg = Release|Any CPU
		{54B2CBAA-A067-45C6-8D20-9EEB664E765C}.Mono Release|Any CPU.Build.0 = Release|Any CPU
		{54B2CBAA-A067-45C6-8D20-9EEB664E765C}.Mono Release|Mixed Platforms.ActiveCfg = Release|Any CPU
		{54B2CBAA-A067-45C6-8D20-9EEB664E765C}.Mono Release|Mixed Platforms.Build.0 = Release|Any CPU
		{54B2CBAA-A067-45C6-8D20-9EEB664E765C}.Mono Release|Win32.ActiveCfg = Release|Any CPU
		{54B2CBAA-A067-45C6-8D20-9EEB664E765C}.Mono Release|x86.ActiveCfg = Release|Any CPU
		{54B2CBAA-A067-45C6-8D20-9EEB664E765C}.Release|Any CPU.ActiveCfg = Release|Any CPU
		{54B2CBAA-A067-45C6-8D20-9EEB664E765C}.Release|Any CPU.Build.0 = Release|Any CPU
		{54B2CBAA-A067-45C6-8D20-9EEB664E765C}.Release|Mixed Platforms.ActiveCfg = Release|Any CPU
		{54B2CBAA-A067-45C6-8D20-9EEB664E765C}.Release|Mixed Platforms.Build.0 = Release|Any CPU
		{54B2CBAA-A067-45C6-8D20-9EEB664E765C}.Release|Win32.ActiveCfg = Release|Any CPU
		{54B2CBAA-A067-45C6-8D20-9EEB664E765C}.Release|x86.ActiveCfg = Release|Any CPU
		{54B2CBAA-A067-45C6-8D20-9EEB664E765C}.Testing|Any CPU.ActiveCfg = Release|Any CPU
		{54B2CBAA-A067-45C6-8D20-9EEB664E765C}.Testing|Any CPU.Build.0 = Release|Any CPU
		{54B2CBAA-A067-45C6-8D20-9EEB664E765C}.Testing|Mixed Platforms.ActiveCfg = Release|Any CPU
		{54B2CBAA-A067-45C6-8D20-9EEB664E765C}.Testing|Mixed Platforms.Build.0 = Release|Any CPU
		{54B2CBAA-A067-45C6-8D20-9EEB664E765C}.Testing|Win32.ActiveCfg = Release|Any CPU
		{54B2CBAA-A067-45C6-8D20-9EEB664E765C}.Testing|x86.ActiveCfg = Release|Any CPU
		{284D3ED3-C83E-49D8-8C32-B91DE7D3208A}.Debug|Any CPU.ActiveCfg = Debug|Any CPU
		{284D3ED3-C83E-49D8-8C32-B91DE7D3208A}.Debug|Any CPU.Build.0 = Debug|Any CPU
		{284D3ED3-C83E-49D8-8C32-B91DE7D3208A}.Debug|Mixed Platforms.ActiveCfg = Debug|Any CPU
		{284D3ED3-C83E-49D8-8C32-B91DE7D3208A}.Debug|Mixed Platforms.Build.0 = Debug|Any CPU
		{284D3ED3-C83E-49D8-8C32-B91DE7D3208A}.Debug|Win32.ActiveCfg = Debug|Any CPU
		{284D3ED3-C83E-49D8-8C32-B91DE7D3208A}.Debug|x86.ActiveCfg = Debug|Any CPU
		{284D3ED3-C83E-49D8-8C32-B91DE7D3208A}.Mono Debug|Any CPU.ActiveCfg = Debug|Any CPU
		{284D3ED3-C83E-49D8-8C32-B91DE7D3208A}.Mono Debug|Any CPU.Build.0 = Debug|Any CPU
		{284D3ED3-C83E-49D8-8C32-B91DE7D3208A}.Mono Debug|Mixed Platforms.ActiveCfg = Debug|Any CPU
		{284D3ED3-C83E-49D8-8C32-B91DE7D3208A}.Mono Debug|Mixed Platforms.Build.0 = Debug|Any CPU
		{284D3ED3-C83E-49D8-8C32-B91DE7D3208A}.Mono Debug|Win32.ActiveCfg = Debug|Any CPU
		{284D3ED3-C83E-49D8-8C32-B91DE7D3208A}.Mono Debug|x86.ActiveCfg = Debug|Any CPU
		{284D3ED3-C83E-49D8-8C32-B91DE7D3208A}.Mono Release|Any CPU.ActiveCfg = Release|Any CPU
		{284D3ED3-C83E-49D8-8C32-B91DE7D3208A}.Mono Release|Any CPU.Build.0 = Release|Any CPU
		{284D3ED3-C83E-49D8-8C32-B91DE7D3208A}.Mono Release|Mixed Platforms.ActiveCfg = Release|Any CPU
		{284D3ED3-C83E-49D8-8C32-B91DE7D3208A}.Mono Release|Mixed Platforms.Build.0 = Release|Any CPU
		{284D3ED3-C83E-49D8-8C32-B91DE7D3208A}.Mono Release|Win32.ActiveCfg = Release|Any CPU
		{284D3ED3-C83E-49D8-8C32-B91DE7D3208A}.Mono Release|x86.ActiveCfg = Release|Any CPU
		{284D3ED3-C83E-49D8-8C32-B91DE7D3208A}.Release|Any CPU.ActiveCfg = Release|Any CPU
		{284D3ED3-C83E-49D8-8C32-B91DE7D3208A}.Release|Any CPU.Build.0 = Release|Any CPU
		{284D3ED3-C83E-49D8-8C32-B91DE7D3208A}.Release|Mixed Platforms.ActiveCfg = Release|Any CPU
		{284D3ED3-C83E-49D8-8C32-B91DE7D3208A}.Release|Mixed Platforms.Build.0 = Release|Any CPU
		{284D3ED3-C83E-49D8-8C32-B91DE7D3208A}.Release|Win32.ActiveCfg = Release|Any CPU
		{284D3ED3-C83E-49D8-8C32-B91DE7D3208A}.Release|x86.ActiveCfg = Release|Any CPU
		{284D3ED3-C83E-49D8-8C32-B91DE7D3208A}.Testing|Any CPU.ActiveCfg = Release|Any CPU
		{284D3ED3-C83E-49D8-8C32-B91DE7D3208A}.Testing|Any CPU.Build.0 = Release|Any CPU
		{284D3ED3-C83E-49D8-8C32-B91DE7D3208A}.Testing|Mixed Platforms.ActiveCfg = Release|Any CPU
		{284D3ED3-C83E-49D8-8C32-B91DE7D3208A}.Testing|Mixed Platforms.Build.0 = Release|Any CPU
		{284D3ED3-C83E-49D8-8C32-B91DE7D3208A}.Testing|Win32.ActiveCfg = Release|Any CPU
		{284D3ED3-C83E-49D8-8C32-B91DE7D3208A}.Testing|x86.ActiveCfg = Release|Any CPU
	EndGlobalSection
	GlobalSection(SolutionProperties) = preSolution
		HideSolutionNode = FALSE
	EndGlobalSection
EndGlobal
